
Microsoft Visual Studio Solution File, Format Version 12.00
# Visual Studio Version 17
VisualStudioVersion = 17.3.32901.215
MinimumVisualStudioVersion = 10.0.40219.1
Project("{FAE04EC0-301F-11D3-BF4B-00C04F79EFBC}") = "controlDeColores", "controlDeColores.csproj", "{2F1FB968-4AF0-4B3F-8FE9-FF437AE45FDC}"
EndProject
Global
	GlobalSection(SolutionConfigurationPlatforms) = preSolution
		Debug|Any CPU = Debug|Any CPU
		Release|Any CPU = Release|Any CPU
	EndGlobalSection
	GlobalSection(ProjectConfigurationPlatforms) = postSolution
		{2F1FB968-4AF0-4B3F-8FE9-FF437AE45FDC}.Debug|Any CPU.ActiveCfg = Debug|Any CPU
		{2F1FB968-4AF0-4B3F-8FE9-FF437AE45FDC}.Debug|Any CPU.Build.0 = Debug|Any CPU
		{2F1FB968-4AF0-4B3F-8FE9-FF437AE45FDC}.Release|Any CPU.ActiveCfg = Release|Any CPU
		{2F1FB968-4AF0-4B3F-8FE9-FF437AE45FDC}.Release|Any CPU.Build.0 = Release|Any CPU
	EndGlobalSection
	GlobalSection(SolutionProperties) = preSolution
		HideSolutionNode = FALSE
	EndGlobalSection
	GlobalSection(ExtensibilityGlobals) = postSolution
		SolutionGuid = {C63C8FFE-DB14-4F6F-8E16-58E3C06CA8DC}
	EndGlobalSection
EndGlobal
